
Microsoft Visual Studio Solution File, Format Version 12.00
# Visual Studio 15
Project("{FAE04EC0-301F-11D3-BF4B-00C04F79EFBC}") = "HomeManager-Web", "HomeManager-Web\HomeManager-Web.csproj", "{ECA1B910-C646-4BB1-B66A-B6400262E67C}"
EndProject
Global
	GlobalSection(SolutionConfigurationPlatforms) = preSolution
		Debug|Any CPU = Debug|Any CPU
		Release|Any CPU = Release|Any CPU
	EndGlobalSection
	GlobalSection(ProjectConfigurationPlatforms) = postSolution
		{ECA1B910-C646-4BB1-B66A-B6400262E67C}.Debug|Any CPU.ActiveCfg = Debug|Any CPU
		{ECA1B910-C646-4BB1-B66A-B6400262E67C}.Debug|Any CPU.Build.0 = Debug|Any CPU
		{ECA1B910-C646-4BB1-B66A-B6400262E67C}.Release|Any CPU.ActiveCfg = Release|Any CPU
		{ECA1B910-C646-4BB1-B66A-B6400262E67C}.Release|Any CPU.Build.0 = Release|Any CPU
	EndGlobalSection
EndGlobal
