
Microsoft Visual Studio Solution File, Format Version 12.00
# Visual Studio 15
VisualStudioVersion = 15.0.28010.2003
MinimumVisualStudioVersion = 10.0.40219.1
Project("{9A19103F-16F7-4668-BE54-9A1E7A4F7556}") = "HomeManager", "HomeManager.csproj", "{B544B485-5C08-414B-9ED2-C4064FF56D24}"
EndProject
Global
	GlobalSection(SolutionConfigurationPlatforms) = preSolution
		Debug|Any CPU = Debug|Any CPU
		Release|Any CPU = Release|Any CPU
	EndGlobalSection
	GlobalSection(ProjectConfigurationPlatforms) = postSolution
		{B544B485-5C08-414B-9ED2-C4064FF56D24}.Debug|Any CPU.ActiveCfg = Debug|Any CPU
		{B544B485-5C08-414B-9ED2-C4064FF56D24}.Debug|Any CPU.Build.0 = Debug|Any CPU
		{B544B485-5C08-414B-9ED2-C4064FF56D24}.Release|Any CPU.ActiveCfg = Release|Any CPU
		{B544B485-5C08-414B-9ED2-C4064FF56D24}.Release|Any CPU.Build.0 = Release|Any CPU
	EndGlobalSection
	GlobalSection(SolutionProperties) = preSolution
		HideSolutionNode = FALSE
	EndGlobalSection
	GlobalSection(ExtensibilityGlobals) = postSolution
		SolutionGuid = {925A5D1F-86B8-4C94-8CF7-D2AF4D6C4C42}
	EndGlobalSection
EndGlobal
